// !$*UTF8*$!
{
	archiveVersion = 1;
	classes = {
	};
	objectVersion = 46;
	objects = {

/* Begin PBXBuildFile section */
		3FC78DE81E3243CB004610CF /* AppDelegate.swift in Sources */ = {isa = PBXBuildFile; fileRef = 3FC78DE71E3243CB004610CF /* AppDelegate.swift */; };
		3FC78DEA1E3243CB004610CF /* ViewController.swift in Sources */ = {isa = PBXBuildFile; fileRef = 3FC78DE91E3243CB004610CF /* ViewController.swift */; };
		3FC78DED1E3243CB004610CF /* Main.storyboard in Resources */ = {isa = PBXBuildFile; fileRef = 3FC78DEB1E3243CB004610CF /* Main.storyboard */; };
		3FC78DEF1E3243CB004610CF /* Assets.xcassets in Resources */ = {isa = PBXBuildFile; fileRef = 3FC78DEE1E3243CB004610CF /* Assets.xcassets */; };
		3FC78DF21E3243CB004610CF /* LaunchScreen.storyboard in Resources */ = {isa = PBXBuildFile; fileRef = 3FC78DF01E3243CB004610CF /* LaunchScreen.storyboard */; };
/* End PBXBuildFile section */

/* Begin PBXFileReference section */
		3FC78DE41E3243CB004610CF /* IntS3_2_AdaptiveUIDemo.app */ = {isa = PBXFileReference; explicitFileType = wrapper.application; includeInIndex = 0; path = IntS3_2_AdaptiveUIDemo.app; sourceTree = BUILT_PRODUCTS_DIR; };
		3FC78DE71E3243CB004610CF /* AppDelegate.swift */ = {isa = PBXFileReference; lastKnownFileType = sourcecode.swift; path = AppDelegate.swift; sourceTree = "<group>"; };
		3FC78DE91E3243CB004610CF /* ViewController.swift */ = {isa = PBXFileReference; lastKnownFileType = sourcecode.swift; path = ViewController.swift; sourceTree = "<group>"; };
		3FC78DEC1E3243CB004610CF /* Base */ = {isa = PBXFileReference; lastKnownFileType = file.storyboard; name = Base; path = Base.lproj/Main.storyboard; sourceTree = "<group>"; };
		3FC78DEE1E3243CB004610CF /* Assets.xcassets */ = {isa = PBXFileReference; lastKnownFileType = folder.assetcatalog; path = Assets.xcassets; sourceTree = "<group>"; };
		3FC78DF11E3243CB004610CF /* Base */ = {isa = PBXFileReference; lastKnownFileType = file.storyboard; name = Base; path = Base.lproj/LaunchScreen.storyboard; sourceTree = "<group>"; };
		3FC78DF31E3243CB004610CF /* Info.plist */ = {isa = PBXFileReference; lastKnownFileType = text.plist.xml; path = Info.plist; sourceTree = "<group>"; };
/* End PBXFileReference section */

/* Begin PBXFrameworksBuildPhase section */
		3FC78DE11E3243CB004610CF /* Frameworks */ = {
			isa = PBXFrameworksBuildPhase;
			buildActionMask = 2147483647;
			files = (
			);
			runOnlyForDeploymentPostprocessing = 0;
		};
/* End PBXFrameworksBuildPhase section */

/* Begin PBXGroup section */
		3FC78DDB1E3243CB004610CF = {
			isa = PBXGroup;
			children = (
				3FC78DE61E3243CB004610CF /* IntS3_2_AdaptiveUIDemo */,
				3FC78DE51E3243CB004610CF /* Products */,
			);
			sourceTree = "<group>";
		};
		3FC78DE51E3243CB004610CF /* Products */ = {
			isa = PBXGroup;
			children = (
				3FC78DE41E3243CB004610CF /* IntS3_2_AdaptiveUIDemo.app */,
			);
			name = Products;
			sourceTree = "<group>";
		};
		3FC78DE61E3243CB004610CF /* IntS3_2_AdaptiveUIDemo */ = {
			isa = PBXGroup;
			children = (
				3FC78DE71E3243CB004610CF /* AppDelegate.swift */,
				3FC78DE91E3243CB004610CF /* ViewController.swift */,
				3FC78DEB1E3243CB004610CF /* Main.storyboard */,
				3FC78DEE1E3243CB004610CF /* Assets.xcassets */,
				3FC78DF01E3243CB004610CF /* LaunchScreen.storyboard */,
				3FC78DF31E3243CB004610CF /* Info.plist */,
			);
			path = IntS3_2_AdaptiveUIDemo;
			sourceTree = "<group>";
		};
/* End PBXGroup section */

/* Begin PBXNativeTarget section */
		3FC78DE31E3243CB004610CF /* IntS3_2_AdaptiveUIDemo */ = {
			isa = PBXNativeTarget;
			buildConfigurationList = 3FC78DF61E3243CB004610CF /* Build configuration list for PBXNativeTarget "IntS3_2_AdaptiveUIDemo" */;
			buildPhases = (
				3FC78DE01E3243CB004610CF /* Sources */,
				3FC78DE11E3243CB004610CF /* Frameworks */,
				3FC78DE21E3243CB004610CF /* Resources */,
			);
			buildRules = (
			);
			dependencies = (
			);
			name = IntS3_2_AdaptiveUIDemo;
			productName = IntS3_2_AdaptiveUIDemo;
			productReference = 3FC78DE41E3243CB004610CF /* IntS3_2_AdaptiveUIDemo.app */;
			productType = "com.apple.product-type.application";
		};
/* End PBXNativeTarget section */

/* Begin PBXProject section */
		3FC78DDC1E3243CB004610CF /* Project object */ = {
			isa = PBXProject;
			attributes = {
				LastSwiftUpdateCheck = 0820;
				LastUpgradeCheck = 0820;
				ORGANIZATIONNAME = "Vlado Velkovski";
				TargetAttributes = {
					3FC78DE31E3243CB004610CF = {
						CreatedOnToolsVersion = 8.2.1;
						DevelopmentTeam = 9LT72B3VBQ;
						ProvisioningStyle = Automatic;
					};
				};
			};
			buildConfigurationList = 3FC78DDF1E3243CB004610CF /* Build configuration list for PBXProject "IntS3_2_AdaptiveUIDemo" */;
			compatibilityVersion = "Xcode 3.2";
			developmentRegion = English;
			hasScannedForEncodings = 0;
			knownRegions = (
				en,
				Base,
			);
			mainGroup = 3FC78DDB1E3243CB004610CF;
			productRefGroup = 3FC78DE51E3243CB004610CF /* Products */;
			projectDirPath = "";
			projectRoot = "";
			targets = (
				3FC78DE31E3243CB004610CF /* IntS3_2_AdaptiveUIDemo */,
			);
		};
/* End PBXProject section */

/* Begin PBXResourcesBuildPhase section */
		3FC78DE21E3243CB004610CF /* Resources */ = {
			isa = PBXResourcesBuildPhase;
			buildActionMask = 2147483647;
			files = (
				3FC78DF21E3243CB004610CF /* LaunchScreen.storyboard in Resources */,
				3FC78DEF1E3243CB004610CF /* Assets.xcassets in Resources */,
				3FC78DED1E3243CB004610CF /* Main.storyboard in Resources */,
			);
			runOnlyForDeploymentPostprocessing = 0;
		};
/* End PBXResourcesBuildPhase section */

/* Begin PBXSourcesBuildPhase section */
		3FC78DE01E3243CB004610CF /* Sources */ = {
			isa = PBXSourcesBuildPhase;
			buildActionMask = 2147483647;
			files = (
				3FC78DEA1E3243CB004610CF /* ViewController.swift in Sources */,
				3FC78DE81E3243CB004610CF /* AppDelegate.swift in Sources */,
			);
			runOnlyForDeploymentPostprocessing = 0;
		};
/* End PBXSourcesBuildPhase section */

/* Begin PBXVariantGroup section */
		3FC78DEB1E3243CB004610CF /* Main.storyboard */ = {
			isa = PBXVariantGroup;
			children = (
				3FC78DEC1E3243CB004610CF /* Base */,
			);
			name = Main.storyboard;
			sourceTree = "<group>";
		};
		3FC78DF01E3243CB004610CF /* LaunchScreen.storyboard */ = {
			isa = PBXVariantGroup;
			children = (
				3FC78DF11E3243CB004610CF /* Base */,
			);
			name = LaunchScreen.storyboard;
			sourceTree = "<group>";
		};
/* End PBXVariantGroup section */

/* Begin XCBuildConfiguration section */
		3FC78DF41E3243CB004610CF /* Debug */ = {
			isa = XCBuildConfiguration;
			buildSettings = {
				ALWAYS_SEARCH_USER_PATHS = NO;
				CLANG_ANALYZER_NONNULL = YES;
				CLANG_CXX_LANGUAGE_STANDARD = "gnu++0x";
				CLANG_CXX_LIBRARY = "libc++";
				CLANG_ENABLE_MODULES = YES;
				CLANG_ENABLE_OBJC_ARC = YES;
				CLANG_WARN_BOOL_CONVERSION = YES;
				CLANG_WARN_CONSTANT_CONVERSION = YES;
				CLANG_WARN_DIRECT_OBJC_ISA_USAGE = YES_ERROR;
				CLANG_WARN_DOCUMENTATION_COMMENTS = YES;
				CLANG_WARN_EMPTY_BODY = YES;
				CLANG_WARN_ENUM_CONVERSION = YES;
				CLANG_WARN_INFINITE_RECURSION = YES;
				CLANG_WARN_INT_CONVERSION = YES;
				CLANG_WARN_OBJC_ROOT_CLASS = YES_ERROR;
				CLANG_WARN_SUSPICIOUS_MOVE = YES;
				CLANG_WARN_UNREACHABLE_CODE = YES;
				CLANG_WARN__DUPLICATE_METHOD_MATCH = YES;
				"CODE_SIGN_IDENTITY[sdk=iphoneos*]" = "iPhone Developer";
				COPY_PHASE_STRIP = NO;
				DEBUG_INFORMATION_FORMAT = dwarf;
				ENABLE_STRICT_OBJC_MSGSEND = YES;
				ENABLE_TESTABILITY = YES;
				GCC_C_LANGUAGE_STANDARD = gnu99;
				GCC_DYNAMIC_NO_PIC = NO;
				GCC_NO_COMMON_BLOCKS = YES;
				GCC_OPTIMIZATION_LEVEL = 0;
				GCC_PREPROCESSOR_DEFINITIONS = (
					"DEBUG=1",
					"$(inherited)",
				);
				GCC_WARN_64_TO_32_BIT_CONVERSION = YES;
				GCC_WARN_ABOUT_RETURN_TYPE = YES_ERROR;
				GCC_WARN_UNDECLARED_SELECTOR = YES;
				GCC_WARN_UNINITIALIZED_AUTOS = YES_AGGRESSIVE;
				GCC_WARN_UNUSED_FUNCTION = YES;
				GCC_WARN_UNUSED_VARIABLE = YES;
				IPHONEOS_DEPLOYMENT_TARGET = 10.2;
				MTL_ENABLE_DEBUG_INFO = YES;
				ONLY_ACTIVE_ARCH = YES;
				SDKROOT = iphoneos;
				SWIFT_ACTIVE_COMPILATION_CONDITIONS = DEBUG;
				SWIFT_OPTIMIZATION_LEVEL = "-Onone";
				TARGETED_DEVICE_FAMILY = "1,2";
			};
			name = Debug;
		};
		3FC78DF51E3243CB004610CF /* Release */ = {
			isa = XCBuildConfiguration;
			buildSettings = {
				ALWAYS_SEARCH_USER_PATHS = NO;
				CLANG_ANALYZER_NONNULL = YES;
				CLANG_CXX_LANGUAGE_STANDARD = "gnu++0x";
				CLANG_CXX_LIBRARY = "libc++";
				CLANG_ENABLE_MODULES = YES;
				CLANG_ENABLE_OBJC_ARC = YES;
				CLANG_WARN_BOOL_CONVERSION = YES;
				CLANG_WARN_CONSTANT_CONVERSION = YES;
				CLANG_WARN_DIRECT_OBJC_ISA_USAGE = YES_ERROR;
				CLANG_WARN_DOCUMENTATION_COMMENTS = YES;
				CLANG_WARN_EMPTY_BODY = YES;
				CLANG_WARN_ENUM_CONVERSION = YES;
				CLANG_WARN_INFINITE_RECURSION = YES;
				CLANG_WARN_INT_CONVERSION = YES;
				CLANG_WARN_OBJC_ROOT_CLASS = YES_ERROR;
				CLANG_WARN_SUSPICIOUS_MOVE = YES;
				CLANG_WARN_UNREACHABLE_CODE = YES;
				CLANG_WARN__DUPLICATE_METHOD_MATCH = YES;
				"CODE_SIGN_IDENTITY[sdk=iphoneos*]" = "iPhone Developer";
				COPY_PHASE_STRIP = NO;
				DEBUG_INFORMATION_FORMAT = "dwarf-with-dsym";
				ENABLE_NS_ASSERTIONS = NO;
				ENABLE_STRICT_OBJC_MSGSEND = YES;
				GCC_C_LANGUAGE_STANDARD = gnu99;
				GCC_NO_COMMON_BLOCKS = YES;
				GCC_WARN_64_TO_32_BIT_CONVERSION = YES;
				GCC_WARN_ABOUT_RETURN_TYPE = YES_ERROR;
				GCC_WARN_UNDECLARED_SELECTOR = YES;
				GCC_WARN_UNINITIALIZED_AUTOS = YES_AGGRESSIVE;
				GCC_WARN_UNUSED_FUNCTION = YES;
				GCC_WARN_UNUSED_VARIABLE = YES;
				IPHONEOS_DEPLOYMENT_TARGET = 10.2;
				MTL_ENABLE_DEBUG_INFO = NO;
				SDKROOT = iphoneos;
				SWIFT_OPTIMIZATION_LEVEL = "-Owholemodule";
				TARGETED_DEVICE_FAMILY = "1,2";
				VALIDATE_PRODUCT = YES;
			};
			name = Release;
		};
		3FC78DF71E3243CB004610CF /* Debug */ = {
			isa = XCBuildConfiguration;
			buildSettings = {
				ASSETCATALOG_COMPILER_APPICON_NAME = AppIcon;
				DEVELOPMENT_TEAM = 9LT72B3VBQ;
				INFOPLIST_FILE = IntS3_2_AdaptiveUIDemo/Info.plist;
				LD_RUNPATH_SEARCH_PATHS = "$(inherited) @executable_path/Frameworks";
				PRODUCT_BUNDLE_IDENTIFIER = "com.bugzy.homeinc.IntS3-2-AdaptiveUIDemo";
				PRODUCT_NAME = "$(TARGET_NAME)";
				SWIFT_VERSION = 3.0;
			};
			name = Debug;
		};
		3FC78DF81E3243CB004610CF /* Release */ = {
			isa = XCBuildConfiguration;
			buildSettings = {
				ASSETCATALOG_COMPILER_APPICON_NAME = AppIcon;
				DEVELOPMENT_TEAM = 9LT72B3VBQ;
				INFOPLIST_FILE = IntS3_2_AdaptiveUIDemo/Info.plist;
				LD_RUNPATH_SEARCH_PATHS = "$(inherited) @executable_path/Frameworks";
				PRODUCT_BUNDLE_IDENTIFIER = "com.bugzy.homeinc.IntS3-2-AdaptiveUIDemo";
				PRODUCT_NAME = "$(TARGET_NAME)";
				SWIFT_VERSION = 3.0;
			};
			name = Release;
		};
/* End XCBuildConfiguration section */

/* Begin XCConfigurationList section */
		3FC78DDF1E3243CB004610CF /* Build configuration list for PBXProject "IntS3_2_AdaptiveUIDemo" */ = {
			isa = XCConfigurationList;
			buildConfigurations = (
				3FC78DF41E3243CB004610CF /* Debug */,
				3FC78DF51E3243CB004610CF /* Release */,
			);
			defaultConfigurationIsVisible = 0;
			defaultConfigurationName = Release;
		};
		3FC78DF61E3243CB004610CF /* Build configuration list for PBXNativeTarget "IntS3_2_AdaptiveUIDemo" */ = {
			isa = XCConfigurationList;
			buildConfigurations = (
				3FC78DF71E3243CB004610CF /* Debug */,
				3FC78DF81E3243CB004610CF /* Release */,
			);
			defaultConfigurationIsVisible = 0;
		};
/* End XCConfigurationList section */
	};
	rootObject = 3FC78DDC1E3243CB004610CF /* Project object */;
}
